
Microsoft Visual Studio Solution File, Format Version 12.00
# Visual Studio 15
VisualStudioVersion = 15.0.28307.136
MinimumVisualStudioVersion = 10.0.40219.1
Project("{8BC9CEB8-8B4A-11D0-8D11-00A0C91BC942}") = "PG14David_Programming3_a5", "PG14David_Programming3_a5\PG14David_Programming3_a5.vcxproj", "{8FC05DB2-621A-4C30-A3F4-22D0B0906C59}"
EndProject
Global
	GlobalSection(SolutionConfigurationPlatforms) = preSolution
		Debug|x64 = Debug|x64
		Debug|x86 = Debug|x86
		Release|x64 = Release|x64
		Release|x86 = Release|x86
	EndGlobalSection
	GlobalSection(ProjectConfigurationPlatforms) = postSolution
		{8FC05DB2-621A-4C30-A3F4-22D0B0906C59}.Debug|x64.ActiveCfg = Debug|x64
		{8FC05DB2-621A-4C30-A3F4-22D0B0906C59}.Debug|x64.Build.0 = Debug|x64
		{8FC05DB2-621A-4C30-A3F4-22D0B0906C59}.Debug|x86.ActiveCfg = Debug|Win32
		{8FC05DB2-621A-4C30-A3F4-22D0B0906C59}.Debug|x86.Build.0 = Debug|Win32
		{8FC05DB2-621A-4C30-A3F4-22D0B0906C59}.Release|x64.ActiveCfg = Release|x64
		{8FC05DB2-621A-4C30-A3F4-22D0B0906C59}.Release|x64.Build.0 = Release|x64
		{8FC05DB2-621A-4C30-A3F4-22D0B0906C59}.Release|x86.ActiveCfg = Release|Win32
		{8FC05DB2-621A-4C30-A3F4-22D0B0906C59}.Release|x86.Build.0 = Release|Win32
	EndGlobalSection
	GlobalSection(SolutionProperties) = preSolution
		HideSolutionNode = FALSE
	EndGlobalSection
	GlobalSection(ExtensibilityGlobals) = postSolution
		SolutionGuid = {26F2CDBA-5343-4A20-9BEA-70781FFA443C}
	EndGlobalSection
EndGlobal
